
Microsoft Visual Studio Solution File, Format Version 12.00
# Visual Studio Version 17
VisualStudioVersion = 17.14.36221.1 d17.14
MinimumVisualStudioVersion = 10.0.40219.1
Project("{FAE04EC0-301F-11D3-BF4B-00C04F79EFBC}") = "ExShrinkSidebar", "ExShrinkSidebar.csproj", "{CFB84B2C-C0C3-4BA5-9B57-0BCEF1D416AA}"
EndProject
Global
	GlobalSection(SolutionConfigurationPlatforms) = preSolution
		Debug|Any CPU = Debug|Any CPU
		Release|Any CPU = Release|Any CPU
	EndGlobalSection
	GlobalSection(ProjectConfigurationPlatforms) = postSolution
		{CFB84B2C-C0C3-4BA5-9B57-0BCEF1D416AA}.Debug|Any CPU.ActiveCfg = Debug|Any CPU
		{CFB84B2C-C0C3-4BA5-9B57-0BCEF1D416AA}.Debug|Any CPU.Build.0 = Debug|Any CPU
		{CFB84B2C-C0C3-4BA5-9B57-0BCEF1D416AA}.Release|Any CPU.ActiveCfg = Release|Any CPU
		{CFB84B2C-C0C3-4BA5-9B57-0BCEF1D416AA}.Release|Any CPU.Build.0 = Release|Any CPU
	EndGlobalSection
	GlobalSection(SolutionProperties) = preSolution
		HideSolutionNode = FALSE
	EndGlobalSection
	GlobalSection(ExtensibilityGlobals) = postSolution
		SolutionGuid = {7BD9AFE7-C871-4FA8-989B-47872EC8B3F3}
	EndGlobalSection
EndGlobal
